#MicroXplorer Configuration settings - do not modify
FSMC.AttributeSpaceHiZSetupTime1=0x1
FSMC.AttributeSpaceHoldSetupTime1=0x2
FSMC.AttributeSpaceSetupTime1=0x1
FSMC.AttributeSpaceWaitSetupTime1=0x3
FSMC.CommonSpaceHiZSetupTime1=0x1
FSMC.CommonSpaceHoldSetupTime1=0x2
FSMC.CommonSpaceSetupTime1=0x1
FSMC.CommonSpaceWaitSetupTime1=0x3
FSMC.ECCPageSize1=FSMC_NAND_ECC_PAGE_SIZE_512BYTE
FSMC.EccComputation1=FSMC_NAND_ECC_ENABLE
FSMC.IPParameters=EccComputation1,ECCPageSize1,CommonSpaceSetupTime1,CommonSpaceWaitSetupTime1,CommonSpaceHoldSetupTime1,CommonSpaceHiZSetupTime1,AttributeSpaceSetupTime1,AttributeSpaceWaitSetupTime1,AttributeSpaceHoldSetupTime1,AttributeSpaceHiZSetupTime1,NandPageSize1,NandSpareAreaSize1,NandBlockSize1,NandBlockNbr1,NandZoneSize1
FSMC.NandBlockNbr1=0x400
FSMC.NandBlockSize1=0x40
FSMC.NandPageSize1=0x800
FSMC.NandSpareAreaSize1=0x40
FSMC.NandZoneSize1=0x1
File.Version=6
KeepUserPlacement=false
Mcu.Family=STM32F1
Mcu.IP0=FSMC
Mcu.IP1=NVIC
Mcu.IP2=RCC
Mcu.IP3=SYS
Mcu.IP4=USART1
Mcu.IPNb=5
Mcu.Name=STM32F103Z(C-D-E)Tx
Mcu.Package=LQFP144
Mcu.Pin0=OSC_IN
Mcu.Pin1=OSC_OUT
Mcu.Pin10=PA9
Mcu.Pin11=PA10
Mcu.Pin12=PD0
Mcu.Pin13=PD1
Mcu.Pin14=PD4
Mcu.Pin15=PD5
Mcu.Pin16=PD6
Mcu.Pin17=PD7
Mcu.Pin18=VP_SYS_VS_ND
Mcu.Pin19=VP_SYS_VS_Systick
Mcu.Pin2=PE7
Mcu.Pin3=PE8
Mcu.Pin4=PE9
Mcu.Pin5=PE10
Mcu.Pin6=PD11
Mcu.Pin7=PD12
Mcu.Pin8=PD14
Mcu.Pin9=PD15
Mcu.PinsNb=20
Mcu.UserConstants=
Mcu.UserName=STM32F103ZETx
MxCube.Version=4.19.0
MxDb.Version=DB.4.0.190
NVIC.BusFault_IRQn=true\:0\:0\:false\:false\:true
NVIC.DebugMonitor_IRQn=true\:0\:0\:false\:false\:true
NVIC.HardFault_IRQn=true\:0\:0\:false\:false\:true
NVIC.MemoryManagement_IRQn=true\:0\:0\:false\:false\:true
NVIC.NonMaskableInt_IRQn=true\:0\:0\:false\:false\:true
NVIC.PendSV_IRQn=true\:0\:0\:false\:false\:true
NVIC.PriorityGroup=NVIC_PRIORITYGROUP_4
NVIC.SVCall_IRQn=true\:0\:0\:false\:false\:true
NVIC.SysTick_IRQn=true\:0\:0\:false\:false\:true
NVIC.UsageFault_IRQn=true\:0\:0\:false\:false\:true
OSC_IN.Mode=HSE-External-Oscillator
OSC_IN.Signal=RCC_OSC_IN
OSC_OUT.Mode=HSE-External-Oscillator
OSC_OUT.Signal=RCC_OSC_OUT
PA10.Mode=Asynchronous
PA10.Signal=USART1_RX
PA9.Mode=Asynchronous
PA9.Signal=USART1_TX
PCC.Checker=false
PCC.Line=STM32F103
PCC.MCU=STM32F103Z(C-D-E)Tx
PCC.MXVersion=4.19.0
PCC.PartNumber=STM32F103ZETx
PCC.Seq0=0
PCC.Series=STM32F1
PCC.Temperature=25
PCC.Vdd=3.3
PD0.Signal=FSMC_D2_DA2
PD1.Signal=FSMC_D3_DA3
PD11.Signal=FSMC_A16_CLE
PD12.Signal=FSMC_A17_ALE
PD14.Locked=true
PD14.Signal=FSMC_D0_DA0
PD15.Locked=true
PD15.Signal=FSMC_D1_DA1
PD4.Locked=true
PD4.Signal=FSMC_NOE
PD5.Locked=true
PD5.Signal=FSMC_NWE
PD6.Signal=FSMC_NWAIT
PD7.Mode=NandChipSelect2_1
PD7.Signal=FSMC_NCE2
PE10.Signal=FSMC_D7_DA7
PE7.Signal=FSMC_D4_DA4
PE8.Signal=FSMC_D5_DA5
PE9.Signal=FSMC_D6_DA6
ProjectManager.AskForMigrate=true
ProjectManager.BackupPrevious=false
ProjectManager.CompilerOptimize=2
ProjectManager.ComputerToolchain=false
ProjectManager.CoupleFile=true
ProjectManager.CustomerFirmwarePackage=
ProjectManager.DefaultFWLocation=true
ProjectManager.DeletePrevious=true
ProjectManager.DeviceId=STM32F103ZETx
ProjectManager.FirmwarePackage=STM32Cube FW_F1 V1.4.0
ProjectManager.FreePins=false
ProjectManager.HalAssertFull=false
ProjectManager.HeapSize=0x200
ProjectManager.KeepUserCode=true
ProjectManager.LastFirmware=true
ProjectManager.LibraryCopy=0
ProjectManager.PreviousToolchain=
ProjectManager.ProjectBuild=false
ProjectManager.ProjectFileName=FSMC-NandFlash.ioc
ProjectManager.ProjectName=FSMC-NandFlash
ProjectManager.StackSize=0x400
ProjectManager.TargetToolchain=MDK-ARM V5
ProjectManager.ToolChainLocation=D\:\\Open103Z-Demo-HAL\\1919191919191919.FSMC-NandFlash\\FSMC-NandFlash
ProjectManager.UnderRoot=false
ProjectManager.functionlistsort=1-MX_GPIO_Init-GPIO-false-HAL,2-SystemClock_Config-RCC-false-HAL,3-MX_USART1_UART_Init-USART1-false-HAL,4-MX_FSMC_Init-FSMC-false-HAL
RCC.ADCFreqValue=36000000
RCC.AHBFreq_Value=72000000
RCC.APB1CLKDivider=RCC_HCLK_DIV2
RCC.APB1Freq_Value=36000000
RCC.APB1TimFreq_Value=72000000
RCC.APB2Freq_Value=72000000
RCC.APB2TimFreq_Value=72000000
RCC.FCLKCortexFreq_Value=72000000
RCC.FSMCFreq_Value=72000000
RCC.FamilyName=M
RCC.HCLKFreq_Value=72000000
RCC.HSIState=RCC_HSI_ON
RCC.I2S2Freq_Value=72000000
RCC.I2S3Freq_Value=72000000
RCC.IPParameters=ADCFreqValue,AHBFreq_Value,APB1CLKDivider,APB1Freq_Value,APB1TimFreq_Value,APB2Freq_Value,APB2TimFreq_Value,FCLKCortexFreq_Value,FSMCFreq_Value,FamilyName,HCLKFreq_Value,HSIState,I2S2Freq_Value,I2S3Freq_Value,MCOFreq_Value,PLLCLKFreq_Value,PLLMCOFreq_Value,PLLMUL,PLLSourceVirtual,SDIOFreq_Value,SDIOHCLKDiv2FreqValue,SYSCLKFreq_VALUE,SYSCLKSource,TimSysFreq_Value,USBFreq_Value,VCOOutput2Freq_Value
RCC.MCOFreq_Value=72000000
RCC.PLLCLKFreq_Value=72000000
RCC.PLLMCOFreq_Value=36000000
RCC.PLLMUL=RCC_PLL_MUL9
RCC.PLLSourceVirtual=RCC_PLLSOURCE_HSE
RCC.SDIOFreq_Value=72000000
RCC.SDIOHCLKDiv2FreqValue=36000000
RCC.SYSCLKFreq_VALUE=72000000
RCC.SYSCLKSource=RCC_SYSCLKSOURCE_PLLCLK
RCC.TimSysFreq_Value=72000000
RCC.USBFreq_Value=72000000
RCC.VCOOutput2Freq_Value=8000000
SH.FSMC_A16_CLE.0=FSMC_CLE,8b-dmux1
SH.FSMC_A16_CLE.ConfNb=1
SH.FSMC_A17_ALE.0=FSMC_ALE,8b-dmux1
SH.FSMC_A17_ALE.ConfNb=1
SH.FSMC_D0_DA0.0=FSMC_D0,8b-dmux1
SH.FSMC_D0_DA0.ConfNb=1
SH.FSMC_D1_DA1.0=FSMC_D1,8b-dmux1
SH.FSMC_D1_DA1.ConfNb=1
SH.FSMC_D2_DA2.0=FSMC_D2,8b-dmux1
SH.FSMC_D2_DA2.ConfNb=1
SH.FSMC_D3_DA3.0=FSMC_D3,8b-dmux1
SH.FSMC_D3_DA3.ConfNb=1
SH.FSMC_D4_DA4.0=FSMC_D4,8b-dmux1
SH.FSMC_D4_DA4.ConfNb=1
SH.FSMC_D5_DA5.0=FSMC_D5,8b-dmux1
SH.FSMC_D5_DA5.ConfNb=1
SH.FSMC_D6_DA6.0=FSMC_D6,8b-dmux1
SH.FSMC_D6_DA6.ConfNb=1
SH.FSMC_D7_DA7.0=FSMC_D7,8b-dmux1
SH.FSMC_D7_DA7.ConfNb=1
SH.FSMC_NOE.0=FSMC_NOE,8b-dmux1
SH.FSMC_NOE.ConfNb=1
SH.FSMC_NWAIT.0=FSMC_NWAIT,Wait1
SH.FSMC_NWAIT.ConfNb=1
SH.FSMC_NWE.0=FSMC_NWE,8b-dmux1
SH.FSMC_NWE.ConfNb=1
VP_SYS_VS_ND.Mode=No_Debug
VP_SYS_VS_ND.Signal=SYS_VS_ND
VP_SYS_VS_Systick.Mode=SysTick
VP_SYS_VS_Systick.Signal=SYS_VS_Systick
board=FSMC-NandFlash
