#MicroXplorer Configuration settings - do not modify
DAC.DAC_Trigger2=DAC_TRIGGER_T2_TRGO
DAC.IPParameters=DAC_Trigger2,WaveGeneration2,TriangleAmplitude2
DAC.TriangleAmplitude2=DAC_TRIANGLEAMPLITUDE_4095
DAC.WaveGeneration2=TriangleWaveGeneration
File.Version=6
KeepUserPlacement=false
Mcu.Family=STM32F1
Mcu.IP0=DAC
Mcu.IP1=NVIC
Mcu.IP2=RCC
Mcu.IP3=SYS
Mcu.IP4=TIM2
Mcu.IP5=USART1
Mcu.IPNb=6
Mcu.Name=STM32F103Z(C-D-E)Tx
Mcu.Package=LQFP144
Mcu.Pin0=PA5
Mcu.Pin1=PA9
Mcu.Pin2=PA10
Mcu.Pin3=VP_SYS_VS_ND
Mcu.Pin4=VP_SYS_VS_Systick
Mcu.Pin5=VP_TIM2_VS_ClockSourceITR
Mcu.PinsNb=6
Mcu.UserConstants=
Mcu.UserName=STM32F103ZETx
MxCube.Version=4.17.0
MxDb.Version=DB.4.0.170
NVIC.BusFault_IRQn=true\:0\:0\:false\:false\:true
NVIC.DebugMonitor_IRQn=true\:0\:0\:false\:false\:true
NVIC.HardFault_IRQn=true\:0\:0\:false\:false\:true
NVIC.MemoryManagement_IRQn=true\:0\:0\:false\:false\:true
NVIC.NonMaskableInt_IRQn=true\:0\:0\:false\:false\:true
NVIC.PendSV_IRQn=true\:0\:0\:false\:false\:true
NVIC.PriorityGroup=NVIC_PRIORITYGROUP_4
NVIC.SVCall_IRQn=true\:0\:0\:false\:false\:true
NVIC.SysTick_IRQn=true\:0\:0\:false\:false\:true
NVIC.UsageFault_IRQn=true\:0\:0\:false\:false\:true
PA10.Mode=Asynchronous
PA10.Signal=USART1_RX
PA5.Locked=true
PA5.Signal=COMP_DAC2_group
PA9.Mode=Asynchronous
PA9.Signal=USART1_TX
PCC.Checker=false
PCC.Line=STM32F103
PCC.MCU=STM32F103Z(C-D-E)Tx
PCC.MXVersion=4.17.0
PCC.PartNumber=STM32F103ZETx
PCC.Seq0=0
PCC.Series=STM32F1
PCC.Temperature=25
PCC.Vdd=3.3
ProjectManager.AskForMigrate=true
ProjectManager.BackupPrevious=false
ProjectManager.CompilerOptimize=2
ProjectManager.ComputerToolchain=false
ProjectManager.CoupleFile=true
ProjectManager.DeletePrevious=true
ProjectManager.DeviceId=STM32F103ZETx
ProjectManager.FirmwarePackage=STM32Cube FW_F1 V1.4.0
ProjectManager.FreePins=false
ProjectManager.HalAssertFull=false
ProjectManager.HeapSize=0x200
ProjectManager.KeepUserCode=true
ProjectManager.LastFirmware=true
ProjectManager.LibraryCopy=0
ProjectManager.PreviousToolchain=
ProjectManager.ProjectBuild=false
ProjectManager.ProjectFileName=DAC.ioc
ProjectManager.ProjectName=DAC
ProjectManager.StackSize=0x400
ProjectManager.TargetToolchain=MDK-ARM V5
ProjectManager.ToolChainLocation=D\:\\Open103Z-Demo-HAL\\DAC
ProjectManager.UnderRoot=false
ProjectManager.functionlistsort=1-MX_GPIO_Init-GPIO-false-HAL,2-SystemClock_Config-RCC-false-HAL,3-MX_DAC_Init-DAC-false-HAL,4-MX_USART1_UART_Init-USART1-false-HAL,5-MX_TIM2_Init-TIM2-false-HAL
RCC.APB1Freq_Value=8000000
RCC.APB2Freq_Value=8000000
RCC.FamilyName=M
RCC.IPParameters=APB1Freq_Value,APB2Freq_Value,FamilyName,PLLCLKFreq_Value,PLLMCOFreq_Value,TimSysFreq_Value
RCC.PLLCLKFreq_Value=8000000
RCC.PLLMCOFreq_Value=4000000
RCC.TimSysFreq_Value=8000000
SH.COMP_DAC2_group.0=DAC_OUT2,DAC_OUT2
SH.COMP_DAC2_group.ConfNb=1
TIM2.IPParameters=Prescaler,Period,TIM_MasterOutputTrigger
TIM2.Period=0x0A
TIM2.Prescaler=0x02
TIM2.TIM_MasterOutputTrigger=TIM_TRGO_UPDATE
VP_SYS_VS_ND.Mode=No_Debug
VP_SYS_VS_ND.Signal=SYS_VS_ND
VP_SYS_VS_Systick.Mode=SysTick
VP_SYS_VS_Systick.Signal=SYS_VS_Systick
VP_TIM2_VS_ClockSourceITR.Mode=TriggerSource_ITR1
VP_TIM2_VS_ClockSourceITR.Signal=TIM2_VS_ClockSourceITR
board=DAC
