#MicroXplorer Configuration settings - do not modify
File.Version=6
KeepUserPlacement=false
Mcu.Family=STM32F1
Mcu.IP0=NVIC
Mcu.IP1=RCC
Mcu.IP2=SYS
Mcu.IP3=USB
Mcu.IP4=USB_DEVICE
Mcu.IPNb=5
Mcu.Name=STM32F103Z(C-D-E)Tx
Mcu.Package=LQFP144
Mcu.Pin0=OSC_IN
Mcu.Pin1=OSC_OUT
Mcu.Pin10=VP_SYS_VS_Systick
Mcu.Pin11=VP_USB_DEVICE_VS_USB_DEVICE_HID_FS
Mcu.Pin2=PC0
Mcu.Pin3=PC1
Mcu.Pin4=PC2
Mcu.Pin5=PC3
Mcu.Pin6=PG8
Mcu.Pin7=PA11
Mcu.Pin8=PA12
Mcu.Pin9=VP_SYS_VS_ND
Mcu.PinsNb=12
Mcu.UserConstants=
Mcu.UserName=STM32F103ZETx
MxCube.Version=4.17.0
MxDb.Version=DB.4.0.170
NVIC.BusFault_IRQn=true\:0\:0\:false\:false\:true
NVIC.DebugMonitor_IRQn=true\:0\:0\:false\:false\:true
NVIC.HardFault_IRQn=true\:0\:0\:false\:false\:true
NVIC.MemoryManagement_IRQn=true\:0\:0\:false\:false\:true
NVIC.NonMaskableInt_IRQn=true\:0\:0\:false\:false\:true
NVIC.PendSV_IRQn=true\:0\:0\:false\:false\:true
NVIC.PriorityGroup=NVIC_PRIORITYGROUP_4
NVIC.SVCall_IRQn=true\:0\:0\:false\:false\:true
NVIC.SysTick_IRQn=true\:0\:0\:false\:false\:true
NVIC.USB_HP_CAN1_TX_IRQn=true\:0\:0\:false\:false\:true
NVIC.USB_LP_CAN1_RX0_IRQn=true\:0\:0\:false\:false\:true
NVIC.UsageFault_IRQn=true\:0\:0\:false\:false\:true
OSC_IN.Mode=HSE-External-Oscillator
OSC_IN.Signal=RCC_OSC_IN
OSC_OUT.Mode=HSE-External-Oscillator
OSC_OUT.Signal=RCC_OSC_OUT
PA11.Mode=Device
PA11.Signal=USB_DM
PA12.Mode=Device
PA12.Signal=USB_DP
PC0.GPIOParameters=GPIO_PuPd,GPIO_Label
PC0.GPIO_Label=RIGHT
PC0.GPIO_PuPd=GPIO_PULLUP
PC0.Locked=true
PC0.Signal=GPIO_Input
PC1.GPIOParameters=GPIO_PuPd,GPIO_Label
PC1.GPIO_Label=UP
PC1.GPIO_PuPd=GPIO_PULLUP
PC1.Locked=true
PC1.Signal=GPIO_Input
PC2.GPIOParameters=GPIO_PuPd,GPIO_Label
PC2.GPIO_Label=DOWN
PC2.GPIO_PuPd=GPIO_PULLUP
PC2.Locked=true
PC2.Signal=GPIO_Input
PC3.GPIOParameters=GPIO_PuPd,GPIO_Label
PC3.GPIO_Label=LEFT
PC3.GPIO_PuPd=GPIO_PULLUP
PC3.Locked=true
PC3.Signal=GPIO_Input
PCC.Checker=false
PCC.Line=STM32F103
PCC.MCU=STM32F103Z(C-D-E)Tx
PCC.MXVersion=4.17.0
PCC.PartNumber=STM32F103ZETx
PCC.Seq0=0
PCC.Series=STM32F1
PCC.Temperature=25
PCC.Vdd=3.3
PG8.GPIOParameters=GPIO_PuPd,GPIO_Label
PG8.GPIO_Label=CTR
PG8.GPIO_PuPd=GPIO_PULLUP
PG8.Locked=true
PG8.Signal=GPIO_Input
ProjectManager.AskForMigrate=true
ProjectManager.BackupPrevious=false
ProjectManager.CompilerOptimize=2
ProjectManager.ComputerToolchain=false
ProjectManager.CoupleFile=true
ProjectManager.DeletePrevious=true
ProjectManager.DeviceId=STM32F103ZETx
ProjectManager.FirmwarePackage=STM32Cube FW_F1 V1.4.0
ProjectManager.FreePins=false
ProjectManager.HalAssertFull=false
ProjectManager.HeapSize=0x200
ProjectManager.KeepUserCode=true
ProjectManager.LastFirmware=true
ProjectManager.LibraryCopy=0
ProjectManager.PreviousToolchain=
ProjectManager.ProjectBuild=false
ProjectManager.ProjectFileName=HID_Standalone.ioc
ProjectManager.ProjectName=HID_Standalone
ProjectManager.StackSize=0x400
ProjectManager.TargetToolchain=MDK-ARM V5
ProjectManager.ToolChainLocation=D\:\\Open103Z-Demo-HAL\\22.USB FS\\USB Device\\HID_Standalone
ProjectManager.UnderRoot=false
ProjectManager.functionlistsort=1-MX_GPIO_Init-GPIO-false-HAL,2-SystemClock_Config-RCC-false-HAL,3-MX_USB_DEVICE_Init-USB_DEVICE-false-HAL
RCC.ADCFreqValue=36000000
RCC.AHBFreq_Value=72000000
RCC.APB1CLKDivider=RCC_HCLK_DIV2
RCC.APB1Freq_Value=36000000
RCC.APB1TimFreq_Value=72000000
RCC.APB2Freq_Value=72000000
RCC.APB2TimFreq_Value=72000000
RCC.FCLKCortexFreq_Value=72000000
RCC.FSMCFreq_Value=72000000
RCC.FamilyName=M
RCC.HCLKFreq_Value=72000000
RCC.HSIState=RCC_HSI_ON
RCC.I2S2Freq_Value=72000000
RCC.I2S3Freq_Value=72000000
RCC.IPParameters=ADCFreqValue,AHBFreq_Value,APB1CLKDivider,APB1Freq_Value,APB1TimFreq_Value,APB2Freq_Value,APB2TimFreq_Value,FCLKCortexFreq_Value,FSMCFreq_Value,FamilyName,HCLKFreq_Value,HSIState,I2S2Freq_Value,I2S3Freq_Value,MCOFreq_Value,PLLCLKFreq_Value,PLLMCOFreq_Value,PLLMUL,SDIOFreq_Value,SDIOHCLKDiv2FreqValue,SYSCLKFreq_VALUE,SYSCLKSource,TimSysFreq_Value,USBFreq_Value,USBPrescaler,VCOOutput2Freq_Value
RCC.MCOFreq_Value=72000000
RCC.PLLCLKFreq_Value=72000000
RCC.PLLMCOFreq_Value=36000000
RCC.PLLMUL=RCC_PLL_MUL9
RCC.SDIOFreq_Value=72000000
RCC.SDIOHCLKDiv2FreqValue=36000000
RCC.SYSCLKFreq_VALUE=72000000
RCC.SYSCLKSource=RCC_SYSCLKSOURCE_PLLCLK
RCC.TimSysFreq_Value=72000000
RCC.USBFreq_Value=48000000
RCC.USBPrescaler=RCC_USBCLKSOURCE_PLL_DIV1_5
RCC.VCOOutput2Freq_Value=8000000
USB.IPParameters=ep0_mps,low_power_enable
USB.ep0_mps=DEP0CTL_MPS_64
USB.low_power_enable=DISABLE
USB_DEVICE.IPParameters=VirtualMode,VirtualModeFS,USBD_HandleTypeDef,USBD_MAX_STR_DESC_SIZ
USB_DEVICE.USBD_HandleTypeDef=hUsbDeviceFS
USB_DEVICE.USBD_MAX_STR_DESC_SIZ=48
USB_DEVICE.VirtualMode=Hid
USB_DEVICE.VirtualModeFS=Hid_FS
VP_SYS_VS_ND.Mode=No_Debug
VP_SYS_VS_ND.Signal=SYS_VS_ND
VP_SYS_VS_Systick.Mode=SysTick
VP_SYS_VS_Systick.Signal=SYS_VS_Systick
VP_USB_DEVICE_VS_USB_DEVICE_HID_FS.Mode=HID_FS
VP_USB_DEVICE_VS_USB_DEVICE_HID_FS.Signal=USB_DEVICE_VS_USB_DEVICE_HID_FS
board=HID_Standalone
